
Microsoft Visual Studio Solution File, Format Version 12.00
# Visual Studio Version 17
VisualStudioVersion = 17.4.33110.190
MinimumVisualStudioVersion = 10.0.40219.1
Project("{9A19103F-16F7-4668-BE54-9A1E7A4F7556}") = "stage0", "stage0\stage0.csproj", "{BA33D877-82C0-4EE0-B3D8-9549EE89104F}"
EndProject
Project("{9A19103F-16F7-4668-BE54-9A1E7A4F7556}") = "DalList", "DalList\DalList.csproj", "{41AA1CD3-38B2-4538-B8D5-FF494540D6C1}"
EndProject
Project("{9A19103F-16F7-4668-BE54-9A1E7A4F7556}") = "DalTest", "DalTest\DalTest.csproj", "{47946EE6-5CA6-42CF-9E1D-88F933624E82}"
EndProject
Project("{9A19103F-16F7-4668-BE54-9A1E7A4F7556}") = "DalFacade", "DalFacade\DalFacade.csproj", "{9684BC62-2BC6-49F0-80A7-DDF74B5ADDAB}"
EndProject
Project("{2150E333-8FDC-42A3-9474-1A3956D46DE8}") = "Solution Items", "Solution Items", "{4239EAF3-0A5D-4E03-803C-824B928031ED}"
	ProjectSection(SolutionItems) = preProject
		.editorconfig = .editorconfig
	EndProjectSection
EndProject
Project("{9A19103F-16F7-4668-BE54-9A1E7A4F7556}") = "DalXml", "DalXml\DalXml.csproj", "{B51D8C6E-B6AA-4644-B4F3-0B11F8C37449}"
EndProject
Project("{2150E333-8FDC-42A3-9474-1A3956D46DE8}") = "xml", "xml", "{9F537721-D2B6-4F42-A309-78CC4E8D4348}"
	ProjectSection(SolutionItems) = preProject
		xml\dal-config.xml = xml\dal-config.xml
		xml\data-config.xml = xml\data-config.xml
		xml\depandencys.xml = xml\depandencys.xml
		xml\engineers.xml = xml\engineers.xml
		xml\tasks.xml = xml\tasks.xml
	EndProjectSection
EndProject
Project("{9A19103F-16F7-4668-BE54-9A1E7A4F7556}") = "BL", "BL\BL.csproj", "{6759EDCA-3EF9-448D-AA54-0483D3BFE1E9}"
EndProject
Project("{9A19103F-16F7-4668-BE54-9A1E7A4F7556}") = "BlTest", "BlTest\BlTest.csproj", "{4FD81B95-9FFF-4445-9DAD-F26865D82DAD}"
EndProject
Project("{9A19103F-16F7-4668-BE54-9A1E7A4F7556}") = "PL", "PL\PL.csproj", "{04DB032B-CC09-4BC6-9C4A-91BB3EA0BDA4}"
EndProject
Project("{2150E333-8FDC-42A3-9474-1A3956D46DE8}") = "photo", "photo", "{B27DF2D8-46A1-4716-A3BF-8D7A43BAE85B}"
	ProjectSection(SolutionItems) = preProject
		..\..\..\Downloads\Daf.jpg = ..\..\..\Downloads\Daf.jpg
		..\..\..\Downloads\red-gray-garage-palm-springs.webp = ..\..\..\Downloads\red-gray-garage-palm-springs.webp
		..\..\..\Downloads\workerpic.jpg = ..\..\..\Downloads\workerpic.jpg
	EndProjectSection
EndProject
Global
	GlobalSection(SolutionConfigurationPlatforms) = preSolution
		Debug|Any CPU = Debug|Any CPU
		Release|Any CPU = Release|Any CPU
	EndGlobalSection
	GlobalSection(ProjectConfigurationPlatforms) = postSolution
		{BA33D877-82C0-4EE0-B3D8-9549EE89104F}.Debug|Any CPU.ActiveCfg = Debug|Any CPU
		{BA33D877-82C0-4EE0-B3D8-9549EE89104F}.Debug|Any CPU.Build.0 = Debug|Any CPU
		{BA33D877-82C0-4EE0-B3D8-9549EE89104F}.Release|Any CPU.ActiveCfg = Release|Any CPU
		{BA33D877-82C0-4EE0-B3D8-9549EE89104F}.Release|Any CPU.Build.0 = Release|Any CPU
		{41AA1CD3-38B2-4538-B8D5-FF494540D6C1}.Debug|Any CPU.ActiveCfg = Debug|Any CPU
		{41AA1CD3-38B2-4538-B8D5-FF494540D6C1}.Debug|Any CPU.Build.0 = Debug|Any CPU
		{41AA1CD3-38B2-4538-B8D5-FF494540D6C1}.Release|Any CPU.ActiveCfg = Release|Any CPU
		{41AA1CD3-38B2-4538-B8D5-FF494540D6C1}.Release|Any CPU.Build.0 = Release|Any CPU
		{47946EE6-5CA6-42CF-9E1D-88F933624E82}.Debug|Any CPU.ActiveCfg = Debug|Any CPU
		{47946EE6-5CA6-42CF-9E1D-88F933624E82}.Debug|Any CPU.Build.0 = Debug|Any CPU
		{47946EE6-5CA6-42CF-9E1D-88F933624E82}.Release|Any CPU.ActiveCfg = Release|Any CPU
		{47946EE6-5CA6-42CF-9E1D-88F933624E82}.Release|Any CPU.Build.0 = Release|Any CPU
		{9684BC62-2BC6-49F0-80A7-DDF74B5ADDAB}.Debug|Any CPU.ActiveCfg = Debug|Any CPU
		{9684BC62-2BC6-49F0-80A7-DDF74B5ADDAB}.Debug|Any CPU.Build.0 = Debug|Any CPU
		{9684BC62-2BC6-49F0-80A7-DDF74B5ADDAB}.Release|Any CPU.ActiveCfg = Release|Any CPU
		{9684BC62-2BC6-49F0-80A7-DDF74B5ADDAB}.Release|Any CPU.Build.0 = Release|Any CPU
		{B51D8C6E-B6AA-4644-B4F3-0B11F8C37449}.Debug|Any CPU.ActiveCfg = Debug|Any CPU
		{B51D8C6E-B6AA-4644-B4F3-0B11F8C37449}.Debug|Any CPU.Build.0 = Debug|Any CPU
		{B51D8C6E-B6AA-4644-B4F3-0B11F8C37449}.Release|Any CPU.ActiveCfg = Release|Any CPU
		{B51D8C6E-B6AA-4644-B4F3-0B11F8C37449}.Release|Any CPU.Build.0 = Release|Any CPU
		{6759EDCA-3EF9-448D-AA54-0483D3BFE1E9}.Debug|Any CPU.ActiveCfg = Debug|Any CPU
		{6759EDCA-3EF9-448D-AA54-0483D3BFE1E9}.Debug|Any CPU.Build.0 = Debug|Any CPU
		{6759EDCA-3EF9-448D-AA54-0483D3BFE1E9}.Release|Any CPU.ActiveCfg = Release|Any CPU
		{6759EDCA-3EF9-448D-AA54-0483D3BFE1E9}.Release|Any CPU.Build.0 = Release|Any CPU
		{4FD81B95-9FFF-4445-9DAD-F26865D82DAD}.Debug|Any CPU.ActiveCfg = Debug|Any CPU
		{4FD81B95-9FFF-4445-9DAD-F26865D82DAD}.Debug|Any CPU.Build.0 = Debug|Any CPU
		{4FD81B95-9FFF-4445-9DAD-F26865D82DAD}.Release|Any CPU.ActiveCfg = Release|Any CPU
		{4FD81B95-9FFF-4445-9DAD-F26865D82DAD}.Release|Any CPU.Build.0 = Release|Any CPU
		{04DB032B-CC09-4BC6-9C4A-91BB3EA0BDA4}.Debug|Any CPU.ActiveCfg = Debug|Any CPU
		{04DB032B-CC09-4BC6-9C4A-91BB3EA0BDA4}.Debug|Any CPU.Build.0 = Debug|Any CPU
		{04DB032B-CC09-4BC6-9C4A-91BB3EA0BDA4}.Release|Any CPU.ActiveCfg = Release|Any CPU
		{04DB032B-CC09-4BC6-9C4A-91BB3EA0BDA4}.Release|Any CPU.Build.0 = Release|Any CPU
	EndGlobalSection
	GlobalSection(SolutionProperties) = preSolution
		HideSolutionNode = FALSE
	EndGlobalSection
	GlobalSection(ExtensibilityGlobals) = postSolution
		SolutionGuid = {E73728F9-5357-44CA-AC51-86B8743BD62E}
	EndGlobalSection
EndGlobal
